
Microsoft Visual Studio Solution File, Format Version 12.00
# Visual Studio Version 16
VisualStudioVersion = 16.0.30112.52
MinimumVisualStudioVersion = 10.0.40219.1
Project("{FAE04EC0-301F-11D3-BF4B-00C04F79EFBC}") = "WebApplication11", "WebApplication11\WebApplication11.csproj", "{FCFBDDC7-3689-4376-B143-2FCC479746BD}"
EndProject
Global
	GlobalSection(SolutionConfigurationPlatforms) = preSolution
		Debug|Any CPU = Debug|Any CPU
		Release|Any CPU = Release|Any CPU
	EndGlobalSection
	GlobalSection(ProjectConfigurationPlatforms) = postSolution
		{FCFBDDC7-3689-4376-B143-2FCC479746BD}.Debug|Any CPU.ActiveCfg = Debug|Any CPU
		{FCFBDDC7-3689-4376-B143-2FCC479746BD}.Debug|Any CPU.Build.0 = Debug|Any CPU
		{FCFBDDC7-3689-4376-B143-2FCC479746BD}.Release|Any CPU.ActiveCfg = Release|Any CPU
		{FCFBDDC7-3689-4376-B143-2FCC479746BD}.Release|Any CPU.Build.0 = Release|Any CPU
	EndGlobalSection
	GlobalSection(SolutionProperties) = preSolution
		HideSolutionNode = FALSE
	EndGlobalSection
	GlobalSection(ExtensibilityGlobals) = postSolution
		SolutionGuid = {29EC6DD0-FBC1-461A-A8C4-415DEC5331CA}
	EndGlobalSection
EndGlobal
